
Microsoft Visual Studio Solution File, Format Version 12.00
# Visual Studio Version 17
VisualStudioVersion = 17.5.33516.290
MinimumVisualStudioVersion = 10.0.40219.1
Project("{2150E333-8FDC-42A3-9474-1A3956D46DE8}") = "Test", "Test", "{329F04F9-8BB1-43D6-AA91-EE8FCB24A451}"
EndProject
Project("{9A19103F-16F7-4668-BE54-9A1E7A4F7556}") = "Parameters.Test.Unit", "Parameters.Test.Unit\Parameters.Test.Unit.csproj", "{409939AD-0C34-43DD-BAFE-39628FF0855E}"
EndProject
Project("{2150E333-8FDC-42A3-9474-1A3956D46DE8}") = "Domain", "Domain", "{51226E48-CF0C-4431-B2BB-2FE883A2B4B5}"
EndProject
Project("{9A19103F-16F7-4668-BE54-9A1E7A4F7556}") = "Parameters.Domain.Entity", "Parameters.Domain.Entity\Parameters.Domain.Entity.csproj", "{0A54FECC-3A30-4CD5-8DE2-B7481F0DFE33}"
EndProject
Project("{9A19103F-16F7-4668-BE54-9A1E7A4F7556}") = "Parameters.Domain.Repository", "Parameters.Domain.Repository\Parameters.Domain.Repository.csproj", "{CE629D56-729D-4B8A-BC72-29BF65E0C9D0}"
EndProject
Project("{2150E333-8FDC-42A3-9474-1A3956D46DE8}") = "Infra", "Infra", "{DC6D4225-C68E-4516-B059-62C9D5B79957}"
EndProject
Project("{9A19103F-16F7-4668-BE54-9A1E7A4F7556}") = "Parameters.Infra.Context", "Parameters.Infra.Context\Parameters.Infra.Context.csproj", "{4423CD40-2DBF-4BF3-A961-0705E6CEBD12}"
EndProject
Project("{9A19103F-16F7-4668-BE54-9A1E7A4F7556}") = "Parameters.Infra.Repository", "Parameters.Infra.Repository\Parameters.Infra.Repository.csproj", "{49614A02-0055-430B-B70D-DDF5E6D606AC}"
EndProject
Project("{2150E333-8FDC-42A3-9474-1A3956D46DE8}") = "Application", "Application", "{E6C7AE5A-503B-4DC7-AE0E-23FD57B05521}"
EndProject
Project("{9A19103F-16F7-4668-BE54-9A1E7A4F7556}") = "Parameters.Application.Request.Command", "Parameters.Application.Request.Command\Parameters.Application.Request.Command.csproj", "{78398712-140C-4916-A4FC-862B547FAF76}"
EndProject
Project("{9A19103F-16F7-4668-BE54-9A1E7A4F7556}") = "Parameters.Application.Request.Handler", "Parameters.Application.Request.Handler\Parameters.Application.Request.Handler.csproj", "{8499BAA7-8D24-4D8C-AE16-EAD79377130D}"
EndProject
Project("{9A19103F-16F7-4668-BE54-9A1E7A4F7556}") = "Parameters.Application.Request.Validation", "Parameters.Application.Request.Validation\Parameters.Application.Request.Validation.csproj", "{5F677E6D-7DB5-4662-92C2-B7AEAFE74311}"
EndProject
Project("{2150E333-8FDC-42A3-9474-1A3956D46DE8}") = "Helper", "Helper", "{3CA36035-E294-4E1D-BF48-2505A182CEA9}"
EndProject
Project("{9A19103F-16F7-4668-BE54-9A1E7A4F7556}") = "Parameters.Helper.Behavior", "Parameters.Helper.Behavior\Parameters.Helper.Behavior.csproj", "{4E3A7DDB-6B8C-41BC-A234-F927640E1C66}"
EndProject
Project("{9A19103F-16F7-4668-BE54-9A1E7A4F7556}") = "Parameters.Helper.Extensions", "Parameters.Helper.Extensions\Parameters.Helper.Extensions.csproj", "{9417D982-8678-48AB-BE81-D15E4040B2AA}"
EndProject
Project("{2150E333-8FDC-42A3-9474-1A3956D46DE8}") = "Presentation", "Presentation", "{D9C8434E-07BF-4267-9587-90D9CF57C84F}"
EndProject
Project("{9A19103F-16F7-4668-BE54-9A1E7A4F7556}") = "Parameters.Presentation.Api", "Parameters.Presentation.Api\Parameters.Presentation.Api.csproj", "{68222721-82D5-4100-8878-BFE95F0E8170}"
EndProject
Project("{2150E333-8FDC-42A3-9474-1A3956D46DE8}") = "IoC", "IoC", "{2DE375C3-2D23-4AA3-A58A-A6FB32C519B3}"
EndProject
Project("{9A19103F-16F7-4668-BE54-9A1E7A4F7556}") = "Parameters.IoC.DependencyInjection", "Parameters.IoC.DependencyInjection\Parameters.IoC.DependencyInjection.csproj", "{EDBFD2E8-B829-49FE-A378-1BD8F9B4675B}"
EndProject
Project("{9A19103F-16F7-4668-BE54-9A1E7A4F7556}") = "Parameters.Helper.Events", "Parameters.Helper.Events\Parameters.Helper.Events.csproj", "{F5B183B4-5B7C-47A6-80E5-8931B12BE4EE}"
EndProject
Project("{9A19103F-16F7-4668-BE54-9A1E7A4F7556}") = "Parameters.Application.Integration.Command", "Parameters.Application.Integration.Command\Parameters.Application.Integration.Command.csproj", "{3511D84F-E04C-4024-A3C7-00AEBF64C74E}"
EndProject
Project("{FAE04EC0-301F-11D3-BF4B-00C04F79EFBC}") = "Parameters.Application.Integration.Handler", "Parameters.Application.Integration.Handler\Parameters.Application.Integration.Handler.csproj", "{60B85846-D462-4878-B479-A011BE199EB8}"
EndProject
Global
	GlobalSection(SolutionConfigurationPlatforms) = preSolution
		Debug|Any CPU = Debug|Any CPU
		Release|Any CPU = Release|Any CPU
	EndGlobalSection
	GlobalSection(ProjectConfigurationPlatforms) = postSolution
		{409939AD-0C34-43DD-BAFE-39628FF0855E}.Debug|Any CPU.ActiveCfg = Debug|Any CPU
		{409939AD-0C34-43DD-BAFE-39628FF0855E}.Debug|Any CPU.Build.0 = Debug|Any CPU
		{409939AD-0C34-43DD-BAFE-39628FF0855E}.Release|Any CPU.ActiveCfg = Release|Any CPU
		{409939AD-0C34-43DD-BAFE-39628FF0855E}.Release|Any CPU.Build.0 = Release|Any CPU
		{0A54FECC-3A30-4CD5-8DE2-B7481F0DFE33}.Debug|Any CPU.ActiveCfg = Debug|Any CPU
		{0A54FECC-3A30-4CD5-8DE2-B7481F0DFE33}.Debug|Any CPU.Build.0 = Debug|Any CPU
		{0A54FECC-3A30-4CD5-8DE2-B7481F0DFE33}.Release|Any CPU.ActiveCfg = Release|Any CPU
		{0A54FECC-3A30-4CD5-8DE2-B7481F0DFE33}.Release|Any CPU.Build.0 = Release|Any CPU
		{CE629D56-729D-4B8A-BC72-29BF65E0C9D0}.Debug|Any CPU.ActiveCfg = Debug|Any CPU
		{CE629D56-729D-4B8A-BC72-29BF65E0C9D0}.Debug|Any CPU.Build.0 = Debug|Any CPU
		{CE629D56-729D-4B8A-BC72-29BF65E0C9D0}.Release|Any CPU.ActiveCfg = Release|Any CPU
		{CE629D56-729D-4B8A-BC72-29BF65E0C9D0}.Release|Any CPU.Build.0 = Release|Any CPU
		{4423CD40-2DBF-4BF3-A961-0705E6CEBD12}.Debug|Any CPU.ActiveCfg = Debug|Any CPU
		{4423CD40-2DBF-4BF3-A961-0705E6CEBD12}.Debug|Any CPU.Build.0 = Debug|Any CPU
		{4423CD40-2DBF-4BF3-A961-0705E6CEBD12}.Release|Any CPU.ActiveCfg = Release|Any CPU
		{4423CD40-2DBF-4BF3-A961-0705E6CEBD12}.Release|Any CPU.Build.0 = Release|Any CPU
		{49614A02-0055-430B-B70D-DDF5E6D606AC}.Debug|Any CPU.ActiveCfg = Debug|Any CPU
		{49614A02-0055-430B-B70D-DDF5E6D606AC}.Debug|Any CPU.Build.0 = Debug|Any CPU
		{49614A02-0055-430B-B70D-DDF5E6D606AC}.Release|Any CPU.ActiveCfg = Release|Any CPU
		{49614A02-0055-430B-B70D-DDF5E6D606AC}.Release|Any CPU.Build.0 = Release|Any CPU
		{78398712-140C-4916-A4FC-862B547FAF76}.Debug|Any CPU.ActiveCfg = Debug|Any CPU
		{78398712-140C-4916-A4FC-862B547FAF76}.Debug|Any CPU.Build.0 = Debug|Any CPU
		{78398712-140C-4916-A4FC-862B547FAF76}.Release|Any CPU.ActiveCfg = Release|Any CPU
		{78398712-140C-4916-A4FC-862B547FAF76}.Release|Any CPU.Build.0 = Release|Any CPU
		{8499BAA7-8D24-4D8C-AE16-EAD79377130D}.Debug|Any CPU.ActiveCfg = Debug|Any CPU
		{8499BAA7-8D24-4D8C-AE16-EAD79377130D}.Debug|Any CPU.Build.0 = Debug|Any CPU
		{8499BAA7-8D24-4D8C-AE16-EAD79377130D}.Release|Any CPU.ActiveCfg = Release|Any CPU
		{8499BAA7-8D24-4D8C-AE16-EAD79377130D}.Release|Any CPU.Build.0 = Release|Any CPU
		{5F677E6D-7DB5-4662-92C2-B7AEAFE74311}.Debug|Any CPU.ActiveCfg = Debug|Any CPU
		{5F677E6D-7DB5-4662-92C2-B7AEAFE74311}.Debug|Any CPU.Build.0 = Debug|Any CPU
		{5F677E6D-7DB5-4662-92C2-B7AEAFE74311}.Release|Any CPU.ActiveCfg = Release|Any CPU
		{5F677E6D-7DB5-4662-92C2-B7AEAFE74311}.Release|Any CPU.Build.0 = Release|Any CPU
		{4E3A7DDB-6B8C-41BC-A234-F927640E1C66}.Debug|Any CPU.ActiveCfg = Debug|Any CPU
		{4E3A7DDB-6B8C-41BC-A234-F927640E1C66}.Debug|Any CPU.Build.0 = Debug|Any CPU
		{4E3A7DDB-6B8C-41BC-A234-F927640E1C66}.Release|Any CPU.ActiveCfg = Release|Any CPU
		{4E3A7DDB-6B8C-41BC-A234-F927640E1C66}.Release|Any CPU.Build.0 = Release|Any CPU
		{9417D982-8678-48AB-BE81-D15E4040B2AA}.Debug|Any CPU.ActiveCfg = Debug|Any CPU
		{9417D982-8678-48AB-BE81-D15E4040B2AA}.Debug|Any CPU.Build.0 = Debug|Any CPU
		{9417D982-8678-48AB-BE81-D15E4040B2AA}.Release|Any CPU.ActiveCfg = Release|Any CPU
		{9417D982-8678-48AB-BE81-D15E4040B2AA}.Release|Any CPU.Build.0 = Release|Any CPU
		{68222721-82D5-4100-8878-BFE95F0E8170}.Debug|Any CPU.ActiveCfg = Debug|Any CPU
		{68222721-82D5-4100-8878-BFE95F0E8170}.Debug|Any CPU.Build.0 = Debug|Any CPU
		{68222721-82D5-4100-8878-BFE95F0E8170}.Release|Any CPU.ActiveCfg = Release|Any CPU
		{68222721-82D5-4100-8878-BFE95F0E8170}.Release|Any CPU.Build.0 = Release|Any CPU
		{EDBFD2E8-B829-49FE-A378-1BD8F9B4675B}.Debug|Any CPU.ActiveCfg = Debug|Any CPU
		{EDBFD2E8-B829-49FE-A378-1BD8F9B4675B}.Debug|Any CPU.Build.0 = Debug|Any CPU
		{EDBFD2E8-B829-49FE-A378-1BD8F9B4675B}.Release|Any CPU.ActiveCfg = Release|Any CPU
		{EDBFD2E8-B829-49FE-A378-1BD8F9B4675B}.Release|Any CPU.Build.0 = Release|Any CPU
		{F5B183B4-5B7C-47A6-80E5-8931B12BE4EE}.Debug|Any CPU.ActiveCfg = Debug|Any CPU
		{F5B183B4-5B7C-47A6-80E5-8931B12BE4EE}.Debug|Any CPU.Build.0 = Debug|Any CPU
		{F5B183B4-5B7C-47A6-80E5-8931B12BE4EE}.Release|Any CPU.ActiveCfg = Release|Any CPU
		{F5B183B4-5B7C-47A6-80E5-8931B12BE4EE}.Release|Any CPU.Build.0 = Release|Any CPU
		{3511D84F-E04C-4024-A3C7-00AEBF64C74E}.Debug|Any CPU.ActiveCfg = Debug|Any CPU
		{3511D84F-E04C-4024-A3C7-00AEBF64C74E}.Debug|Any CPU.Build.0 = Debug|Any CPU
		{3511D84F-E04C-4024-A3C7-00AEBF64C74E}.Release|Any CPU.ActiveCfg = Release|Any CPU
		{3511D84F-E04C-4024-A3C7-00AEBF64C74E}.Release|Any CPU.Build.0 = Release|Any CPU
		{60B85846-D462-4878-B479-A011BE199EB8}.Debug|Any CPU.ActiveCfg = Debug|Any CPU
		{60B85846-D462-4878-B479-A011BE199EB8}.Debug|Any CPU.Build.0 = Debug|Any CPU
		{60B85846-D462-4878-B479-A011BE199EB8}.Release|Any CPU.ActiveCfg = Release|Any CPU
		{60B85846-D462-4878-B479-A011BE199EB8}.Release|Any CPU.Build.0 = Release|Any CPU
	EndGlobalSection
	GlobalSection(SolutionProperties) = preSolution
		HideSolutionNode = FALSE
	EndGlobalSection
	GlobalSection(NestedProjects) = preSolution
		{409939AD-0C34-43DD-BAFE-39628FF0855E} = {329F04F9-8BB1-43D6-AA91-EE8FCB24A451}
		{0A54FECC-3A30-4CD5-8DE2-B7481F0DFE33} = {51226E48-CF0C-4431-B2BB-2FE883A2B4B5}
		{CE629D56-729D-4B8A-BC72-29BF65E0C9D0} = {51226E48-CF0C-4431-B2BB-2FE883A2B4B5}
		{4423CD40-2DBF-4BF3-A961-0705E6CEBD12} = {DC6D4225-C68E-4516-B059-62C9D5B79957}
		{49614A02-0055-430B-B70D-DDF5E6D606AC} = {DC6D4225-C68E-4516-B059-62C9D5B79957}
		{78398712-140C-4916-A4FC-862B547FAF76} = {E6C7AE5A-503B-4DC7-AE0E-23FD57B05521}
		{8499BAA7-8D24-4D8C-AE16-EAD79377130D} = {E6C7AE5A-503B-4DC7-AE0E-23FD57B05521}
		{5F677E6D-7DB5-4662-92C2-B7AEAFE74311} = {E6C7AE5A-503B-4DC7-AE0E-23FD57B05521}
		{4E3A7DDB-6B8C-41BC-A234-F927640E1C66} = {3CA36035-E294-4E1D-BF48-2505A182CEA9}
		{9417D982-8678-48AB-BE81-D15E4040B2AA} = {3CA36035-E294-4E1D-BF48-2505A182CEA9}
		{68222721-82D5-4100-8878-BFE95F0E8170} = {D9C8434E-07BF-4267-9587-90D9CF57C84F}
		{EDBFD2E8-B829-49FE-A378-1BD8F9B4675B} = {2DE375C3-2D23-4AA3-A58A-A6FB32C519B3}
		{F5B183B4-5B7C-47A6-80E5-8931B12BE4EE} = {3CA36035-E294-4E1D-BF48-2505A182CEA9}
		{3511D84F-E04C-4024-A3C7-00AEBF64C74E} = {E6C7AE5A-503B-4DC7-AE0E-23FD57B05521}
		{60B85846-D462-4878-B479-A011BE199EB8} = {E6C7AE5A-503B-4DC7-AE0E-23FD57B05521}
	EndGlobalSection
	GlobalSection(ExtensibilityGlobals) = postSolution
		SolutionGuid = {EFD85995-8D4F-489B-B48F-65C8E0791B6D}
	EndGlobalSection
EndGlobal
